
Microsoft Visual Studio Solution File, Format Version 12.00
# Visual Studio 15
Project("{FAE04EC0-301F-11D3-BF4B-00C04F79EFBC}") = "Assembly-CSharp", "Assembly-CSharp.csproj", "{F56951A6-D583-7AA3-ADE1-074B3F3863CB}"
EndProject
Project("{FAE04EC0-301F-11D3-BF4B-00C04F79EFBC}") = "VuforiaScripts", "VuforiaScripts.csproj", "{E622FBDC-B853-6BEC-4E5A-C1C318858487}"
EndProject
Project("{FAE04EC0-301F-11D3-BF4B-00C04F79EFBC}") = "VuforiaEditorScripts", "VuforiaEditorScripts.csproj", "{7A8FCC95-4D73-1ACB-BFA4-29D9CE84020A}"
EndProject
Global
	GlobalSection(SolutionConfigurationPlatforms) = preSolution
		Debug|Any CPU = Debug|Any CPU
		Release|Any CPU = Release|Any CPU
	EndGlobalSection
	GlobalSection(ProjectConfigurationPlatforms) = postSolution
		{F56951A6-D583-7AA3-ADE1-074B3F3863CB}.Debug|Any CPU.ActiveCfg = Debug|Any CPU
		{F56951A6-D583-7AA3-ADE1-074B3F3863CB}.Debug|Any CPU.Build.0 = Debug|Any CPU
		{F56951A6-D583-7AA3-ADE1-074B3F3863CB}.Release|Any CPU.ActiveCfg = Release|Any CPU
		{F56951A6-D583-7AA3-ADE1-074B3F3863CB}.Release|Any CPU.Build.0 = Release|Any CPU
		{E622FBDC-B853-6BEC-4E5A-C1C318858487}.Debug|Any CPU.ActiveCfg = Debug|Any CPU
		{E622FBDC-B853-6BEC-4E5A-C1C318858487}.Debug|Any CPU.Build.0 = Debug|Any CPU
		{E622FBDC-B853-6BEC-4E5A-C1C318858487}.Release|Any CPU.ActiveCfg = Release|Any CPU
		{E622FBDC-B853-6BEC-4E5A-C1C318858487}.Release|Any CPU.Build.0 = Release|Any CPU
		{7A8FCC95-4D73-1ACB-BFA4-29D9CE84020A}.Debug|Any CPU.ActiveCfg = Debug|Any CPU
		{7A8FCC95-4D73-1ACB-BFA4-29D9CE84020A}.Debug|Any CPU.Build.0 = Debug|Any CPU
		{7A8FCC95-4D73-1ACB-BFA4-29D9CE84020A}.Release|Any CPU.ActiveCfg = Release|Any CPU
		{7A8FCC95-4D73-1ACB-BFA4-29D9CE84020A}.Release|Any CPU.Build.0 = Release|Any CPU
	EndGlobalSection
	GlobalSection(SolutionProperties) = preSolution
		HideSolutionNode = FALSE
	EndGlobalSection
EndGlobal
